
Microsoft Visual Studio Solution File, Format Version 12.00
# Visual Studio Version 16
VisualStudioVersion = 16.0.810.20
MinimumVisualStudioVersion = 10.0.40219.1
Project("{FAE04EC0-301F-11D3-BF4B-00C04F79EFBC}") = "LegalPro_testcase", "LegalPro_testcase\LegalPro_testcase.csproj", "{A52A0000-F35D-4A32-8FB9-F65EF8668A57}"
EndProject
Global
	GlobalSection(SolutionConfigurationPlatforms) = preSolution
		Debug|Any CPU = Debug|Any CPU
		Release|Any CPU = Release|Any CPU
	EndGlobalSection
	GlobalSection(ProjectConfigurationPlatforms) = postSolution
		{A52A0000-F35D-4A32-8FB9-F65EF8668A57}.Debug|Any CPU.ActiveCfg = Debug|Any CPU
		{A52A0000-F35D-4A32-8FB9-F65EF8668A57}.Debug|Any CPU.Build.0 = Debug|Any CPU
		{A52A0000-F35D-4A32-8FB9-F65EF8668A57}.Release|Any CPU.ActiveCfg = Release|Any CPU
		{A52A0000-F35D-4A32-8FB9-F65EF8668A57}.Release|Any CPU.Build.0 = Release|Any CPU
	EndGlobalSection
	GlobalSection(SolutionProperties) = preSolution
		HideSolutionNode = FALSE
	EndGlobalSection
	GlobalSection(ExtensibilityGlobals) = postSolution
		SolutionGuid = {B040F231-17E6-4DF4-80E6-3FB01320FD3D}
	EndGlobalSection
EndGlobal
